
Microsoft Visual Studio Solution File, Format Version 12.00
# Visual Studio Version 17
VisualStudioVersion = 17.2.32616.157
MinimumVisualStudioVersion = 10.0.40219.1
Project("{9A19103F-16F7-4668-BE54-9A1E7A4F7556}") = "Kuaminika.KobFlow.Merchant.Test", "Kuaminika.KobFlow.Merchant.Test\Kuaminika.KobFlow.Merchant.Test.csproj", "{F054517F-B72F-45B0-ABB4-C57ACDD98701}"
EndProject
Project("{9A19103F-16F7-4668-BE54-9A1E7A4F7556}") = "Kuaniminka.KobFlow.ToolBox", "Kuaniminka.KobFlow.ToolBox\Kuaniminka.KobFlow.ToolBox.csproj", "{7DDED288-0850-4F95-A829-C1BA70A1F01D}"
EndProject
Project("{9A19103F-16F7-4668-BE54-9A1E7A4F7556}") = "Kuaminika.KobFlow.API.Merchant", "Kuaminika.KobFlow.API.Merchant\Kuaminika.KobFlow.API.Merchant.csproj", "{D51E919A-9A48-4D2F-8BC6-881A5AEF2DFA}"
EndProject
Project("{9A19103F-16F7-4668-BE54-9A1E7A4F7556}") = "Kuaminika.KobFlow.MerchantService", "Kuaminika.KobFlow.MerchantService\Kuaminika.KobFlow.MerchantService.csproj", "{EDC1A9B2-D0F2-41A7-B2DD-26A5B18A3989}"
EndProject
Project("{9A19103F-16F7-4668-BE54-9A1E7A4F7556}") = "Kuaminika.KobFlow.KobHolderService", "Kuaminika.KobFlow.KobHolderService\Kuaminika.KobFlow.KobHolderService.csproj", "{82675FC9-A55D-4C33-A6CA-C2240AB71ADD}"
EndProject
Project("{9A19103F-16F7-4668-BE54-9A1E7A4F7556}") = "Kuaminika.KobFlow.API.KobHolder", "Kuaminika.KobFlow.API.KobHolder\Kuaminika.KobFlow.API.KobHolder.csproj", "{DCE3F105-D72A-4D8B-B942-9321B11466D9}"
EndProject
Project("{9A19103F-16F7-4668-BE54-9A1E7A4F7556}") = "Kuaminika.KobFlow.IncomeCategory", "Kuaminika.KobFlow.IncomeCategory\Kuaminika.KobFlow.IncomeCategory.csproj", "{EA99CE5C-25F8-4DBB-A7F8-D6292B681DF2}"
EndProject
Project("{9A19103F-16F7-4668-BE54-9A1E7A4F7556}") = "Kuaminika.KobFlow.API.IncomeCategory", "Kuaminika.KobFlow.API.IncomeCategory\Kuaminika.KobFlow.API.IncomeCategory.csproj", "{001C5B19-7646-4CD6-81B5-39233D21570B}"
EndProject
Project("{9A19103F-16F7-4668-BE54-9A1E7A4F7556}") = "Kuaminika.KobFlow.IncomeSourceService", "Kuaminika.KobFlow.IncomeSourceService\Kuaminika.KobFlow.IncomeSourceService.csproj", "{4E3F9017-320D-4AE5-9A1C-27D106E9EE86}"
EndProject
Project("{9A19103F-16F7-4668-BE54-9A1E7A4F7556}") = "Kuaminika.KobFlow.API.IncomeSource", "Kuaminika.KobFlow.API.IncomeSource\Kuaminika.KobFlow.API.IncomeSource.csproj", "{F954B85F-F2C0-4403-8E8F-6D501CE9B1CB}"
EndProject
Project("{9A19103F-16F7-4668-BE54-9A1E7A4F7556}") = "Kuaminika.KobFlow.ExpenseService", "Kuaminika.KobFlow.ExpenseService\Kuaminika.KobFlow.ExpenseService.csproj", "{7E51632D-F08E-45DA-BB78-4D4B09CB119A}"
EndProject
Project("{9A19103F-16F7-4668-BE54-9A1E7A4F7556}") = "Kuaminika.KobFlow.API.Expense", "Kuaminika.KobFlow.API.Expense\Kuaminika.KobFlow.API.Expense.csproj", "{CF141983-1520-45FF-8990-C42B0B01B5F0}"
EndProject
Project("{9A19103F-16F7-4668-BE54-9A1E7A4F7556}") = "Kuaminika.KobFlow.ExpenseCategoryService", "Kuaminika.KobFlow.ExpenseCategoryService\Kuaminika.KobFlow.ExpenseCategoryService.csproj", "{0021BCBB-1FBF-4233-9F45-A9D141CB2139}"
EndProject
Project("{9A19103F-16F7-4668-BE54-9A1E7A4F7556}") = "Kuaminika.KobFlow.API.ExpenseCategory", "Kuaminika.KobFlow.API.ExpenseCategory\Kuaminika.KobFlow.API.ExpenseCategory.csproj", "{A43B2299-5C42-479A-8795-2875DCB30C1B}"
EndProject
Project("{9A19103F-16F7-4668-BE54-9A1E7A4F7556}") = "Kuaminika.KobFlow.API.Income", "Kuaminika.KobFlow.API.Income\Kuaminika.KobFlow.API.Income.csproj", "{0C4B9FDC-2C85-4AF9-BA06-F58A7B01F5A7}"
EndProject
Project("{9A19103F-16F7-4668-BE54-9A1E7A4F7556}") = "Kuaminika.KobFlow.IncomeService", "Kuaminika.KobFlow.IncomeService\Kuaminika.KobFlow.IncomeService.csproj", "{8E520393-871C-4234-AB6B-49B0BBF754C9}"
EndProject
Project("{2150E333-8FDC-42A3-9474-1A3956D46DE8}") = "Income", "Income", "{DE2C974E-0F39-4728-900F-3993CA5A1440}"
	ProjectSection(SolutionItems) = preProject
		tmp.txt = tmp.txt
	EndProjectSection
EndProject
Project("{9A19103F-16F7-4668-BE54-9A1E7A4F7556}") = "Kuaminika.KobFlow.Income.Test", "Kuaminika.KobFlow.Income.Test\Kuaminika.KobFlow.Income.Test.csproj", "{2B4D608B-589D-4C6F-B487-5B2E71EB607E}"
EndProject
Project("{2150E333-8FDC-42A3-9474-1A3956D46DE8}") = "Expense", "Expense", "{89DD2327-611D-4D7A-A01C-CCCFFA024731}"
EndProject
Project("{9A19103F-16F7-4668-BE54-9A1E7A4F7556}") = "Kuaminika.KobFlow.Expense.Test", "Kuaminika.KobFlow.Expense.Test\Kuaminika.KobFlow.Expense.Test.csproj", "{D2C1B2FC-5603-468D-805B-56BA27984E6E}"
EndProject
Project("{2150E333-8FDC-42A3-9474-1A3956D46DE8}") = "Merchant", "Merchant", "{F02EA1D6-6F40-4AC2-954D-47FCBF2DD968}"
EndProject
Project("{2150E333-8FDC-42A3-9474-1A3956D46DE8}") = "IncomeSource", "IncomeSource", "{72CA2254-5971-4BD4-BBC4-70E63F7FAC7F}"
EndProject
Project("{2150E333-8FDC-42A3-9474-1A3956D46DE8}") = "ExpenseCategory", "ExpenseCategory", "{B856430C-8078-4048-B290-85227DF96357}"
EndProject
Project("{2150E333-8FDC-42A3-9474-1A3956D46DE8}") = "KobHolder", "KobHolder", "{72467B37-96CB-49EA-B0EB-0785E1D09120}"
EndProject
Project("{2150E333-8FDC-42A3-9474-1A3956D46DE8}") = "IncomeCategory", "IncomeCategory", "{9BD1D30F-0221-4F6C-B2C4-D21DF1E5DBCE}"
EndProject
Global
	GlobalSection(SolutionConfigurationPlatforms) = preSolution
		Debug|Any CPU = Debug|Any CPU
		Release|Any CPU = Release|Any CPU
	EndGlobalSection
	GlobalSection(ProjectConfigurationPlatforms) = postSolution
		{F054517F-B72F-45B0-ABB4-C57ACDD98701}.Debug|Any CPU.ActiveCfg = Debug|Any CPU
		{F054517F-B72F-45B0-ABB4-C57ACDD98701}.Debug|Any CPU.Build.0 = Debug|Any CPU
		{F054517F-B72F-45B0-ABB4-C57ACDD98701}.Release|Any CPU.ActiveCfg = Release|Any CPU
		{F054517F-B72F-45B0-ABB4-C57ACDD98701}.Release|Any CPU.Build.0 = Release|Any CPU
		{7DDED288-0850-4F95-A829-C1BA70A1F01D}.Debug|Any CPU.ActiveCfg = Debug|Any CPU
		{7DDED288-0850-4F95-A829-C1BA70A1F01D}.Debug|Any CPU.Build.0 = Debug|Any CPU
		{7DDED288-0850-4F95-A829-C1BA70A1F01D}.Release|Any CPU.ActiveCfg = Release|Any CPU
		{7DDED288-0850-4F95-A829-C1BA70A1F01D}.Release|Any CPU.Build.0 = Release|Any CPU
		{D51E919A-9A48-4D2F-8BC6-881A5AEF2DFA}.Debug|Any CPU.ActiveCfg = Debug|Any CPU
		{D51E919A-9A48-4D2F-8BC6-881A5AEF2DFA}.Debug|Any CPU.Build.0 = Debug|Any CPU
		{D51E919A-9A48-4D2F-8BC6-881A5AEF2DFA}.Release|Any CPU.ActiveCfg = Release|Any CPU
		{D51E919A-9A48-4D2F-8BC6-881A5AEF2DFA}.Release|Any CPU.Build.0 = Release|Any CPU
		{EDC1A9B2-D0F2-41A7-B2DD-26A5B18A3989}.Debug|Any CPU.ActiveCfg = Debug|Any CPU
		{EDC1A9B2-D0F2-41A7-B2DD-26A5B18A3989}.Debug|Any CPU.Build.0 = Debug|Any CPU
		{EDC1A9B2-D0F2-41A7-B2DD-26A5B18A3989}.Release|Any CPU.ActiveCfg = Release|Any CPU
		{EDC1A9B2-D0F2-41A7-B2DD-26A5B18A3989}.Release|Any CPU.Build.0 = Release|Any CPU
		{82675FC9-A55D-4C33-A6CA-C2240AB71ADD}.Debug|Any CPU.ActiveCfg = Debug|Any CPU
		{82675FC9-A55D-4C33-A6CA-C2240AB71ADD}.Debug|Any CPU.Build.0 = Debug|Any CPU
		{82675FC9-A55D-4C33-A6CA-C2240AB71ADD}.Release|Any CPU.ActiveCfg = Release|Any CPU
		{82675FC9-A55D-4C33-A6CA-C2240AB71ADD}.Release|Any CPU.Build.0 = Release|Any CPU
		{DCE3F105-D72A-4D8B-B942-9321B11466D9}.Debug|Any CPU.ActiveCfg = Debug|Any CPU
		{DCE3F105-D72A-4D8B-B942-9321B11466D9}.Debug|Any CPU.Build.0 = Debug|Any CPU
		{DCE3F105-D72A-4D8B-B942-9321B11466D9}.Release|Any CPU.ActiveCfg = Release|Any CPU
		{DCE3F105-D72A-4D8B-B942-9321B11466D9}.Release|Any CPU.Build.0 = Release|Any CPU
		{EA99CE5C-25F8-4DBB-A7F8-D6292B681DF2}.Debug|Any CPU.ActiveCfg = Debug|Any CPU
		{EA99CE5C-25F8-4DBB-A7F8-D6292B681DF2}.Debug|Any CPU.Build.0 = Debug|Any CPU
		{EA99CE5C-25F8-4DBB-A7F8-D6292B681DF2}.Release|Any CPU.ActiveCfg = Release|Any CPU
		{EA99CE5C-25F8-4DBB-A7F8-D6292B681DF2}.Release|Any CPU.Build.0 = Release|Any CPU
		{001C5B19-7646-4CD6-81B5-39233D21570B}.Debug|Any CPU.ActiveCfg = Debug|Any CPU
		{001C5B19-7646-4CD6-81B5-39233D21570B}.Debug|Any CPU.Build.0 = Debug|Any CPU
		{001C5B19-7646-4CD6-81B5-39233D21570B}.Release|Any CPU.ActiveCfg = Release|Any CPU
		{001C5B19-7646-4CD6-81B5-39233D21570B}.Release|Any CPU.Build.0 = Release|Any CPU
		{4E3F9017-320D-4AE5-9A1C-27D106E9EE86}.Debug|Any CPU.ActiveCfg = Debug|Any CPU
		{4E3F9017-320D-4AE5-9A1C-27D106E9EE86}.Debug|Any CPU.Build.0 = Debug|Any CPU
		{4E3F9017-320D-4AE5-9A1C-27D106E9EE86}.Release|Any CPU.ActiveCfg = Release|Any CPU
		{4E3F9017-320D-4AE5-9A1C-27D106E9EE86}.Release|Any CPU.Build.0 = Release|Any CPU
		{F954B85F-F2C0-4403-8E8F-6D501CE9B1CB}.Debug|Any CPU.ActiveCfg = Debug|Any CPU
		{F954B85F-F2C0-4403-8E8F-6D501CE9B1CB}.Debug|Any CPU.Build.0 = Debug|Any CPU
		{F954B85F-F2C0-4403-8E8F-6D501CE9B1CB}.Release|Any CPU.ActiveCfg = Release|Any CPU
		{F954B85F-F2C0-4403-8E8F-6D501CE9B1CB}.Release|Any CPU.Build.0 = Release|Any CPU
		{7E51632D-F08E-45DA-BB78-4D4B09CB119A}.Debug|Any CPU.ActiveCfg = Debug|Any CPU
		{7E51632D-F08E-45DA-BB78-4D4B09CB119A}.Debug|Any CPU.Build.0 = Debug|Any CPU
		{7E51632D-F08E-45DA-BB78-4D4B09CB119A}.Release|Any CPU.ActiveCfg = Release|Any CPU
		{7E51632D-F08E-45DA-BB78-4D4B09CB119A}.Release|Any CPU.Build.0 = Release|Any CPU
		{CF141983-1520-45FF-8990-C42B0B01B5F0}.Debug|Any CPU.ActiveCfg = Debug|Any CPU
		{CF141983-1520-45FF-8990-C42B0B01B5F0}.Debug|Any CPU.Build.0 = Debug|Any CPU
		{CF141983-1520-45FF-8990-C42B0B01B5F0}.Release|Any CPU.ActiveCfg = Release|Any CPU
		{CF141983-1520-45FF-8990-C42B0B01B5F0}.Release|Any CPU.Build.0 = Release|Any CPU
		{0021BCBB-1FBF-4233-9F45-A9D141CB2139}.Debug|Any CPU.ActiveCfg = Debug|Any CPU
		{0021BCBB-1FBF-4233-9F45-A9D141CB2139}.Debug|Any CPU.Build.0 = Debug|Any CPU
		{0021BCBB-1FBF-4233-9F45-A9D141CB2139}.Release|Any CPU.ActiveCfg = Release|Any CPU
		{0021BCBB-1FBF-4233-9F45-A9D141CB2139}.Release|Any CPU.Build.0 = Release|Any CPU
		{A43B2299-5C42-479A-8795-2875DCB30C1B}.Debug|Any CPU.ActiveCfg = Debug|Any CPU
		{A43B2299-5C42-479A-8795-2875DCB30C1B}.Debug|Any CPU.Build.0 = Debug|Any CPU
		{A43B2299-5C42-479A-8795-2875DCB30C1B}.Release|Any CPU.ActiveCfg = Release|Any CPU
		{A43B2299-5C42-479A-8795-2875DCB30C1B}.Release|Any CPU.Build.0 = Release|Any CPU
		{0C4B9FDC-2C85-4AF9-BA06-F58A7B01F5A7}.Debug|Any CPU.ActiveCfg = Debug|Any CPU
		{0C4B9FDC-2C85-4AF9-BA06-F58A7B01F5A7}.Debug|Any CPU.Build.0 = Debug|Any CPU
		{0C4B9FDC-2C85-4AF9-BA06-F58A7B01F5A7}.Release|Any CPU.ActiveCfg = Release|Any CPU
		{0C4B9FDC-2C85-4AF9-BA06-F58A7B01F5A7}.Release|Any CPU.Build.0 = Release|Any CPU
		{8E520393-871C-4234-AB6B-49B0BBF754C9}.Debug|Any CPU.ActiveCfg = Debug|Any CPU
		{8E520393-871C-4234-AB6B-49B0BBF754C9}.Debug|Any CPU.Build.0 = Debug|Any CPU
		{8E520393-871C-4234-AB6B-49B0BBF754C9}.Release|Any CPU.ActiveCfg = Release|Any CPU
		{8E520393-871C-4234-AB6B-49B0BBF754C9}.Release|Any CPU.Build.0 = Release|Any CPU
		{2B4D608B-589D-4C6F-B487-5B2E71EB607E}.Debug|Any CPU.ActiveCfg = Debug|Any CPU
		{2B4D608B-589D-4C6F-B487-5B2E71EB607E}.Debug|Any CPU.Build.0 = Debug|Any CPU
		{2B4D608B-589D-4C6F-B487-5B2E71EB607E}.Release|Any CPU.ActiveCfg = Release|Any CPU
		{2B4D608B-589D-4C6F-B487-5B2E71EB607E}.Release|Any CPU.Build.0 = Release|Any CPU
		{D2C1B2FC-5603-468D-805B-56BA27984E6E}.Debug|Any CPU.ActiveCfg = Debug|Any CPU
		{D2C1B2FC-5603-468D-805B-56BA27984E6E}.Debug|Any CPU.Build.0 = Debug|Any CPU
		{D2C1B2FC-5603-468D-805B-56BA27984E6E}.Release|Any CPU.ActiveCfg = Release|Any CPU
		{D2C1B2FC-5603-468D-805B-56BA27984E6E}.Release|Any CPU.Build.0 = Release|Any CPU
	EndGlobalSection
	GlobalSection(SolutionProperties) = preSolution
		HideSolutionNode = FALSE
	EndGlobalSection
	GlobalSection(NestedProjects) = preSolution
		{F054517F-B72F-45B0-ABB4-C57ACDD98701} = {F02EA1D6-6F40-4AC2-954D-47FCBF2DD968}
		{D51E919A-9A48-4D2F-8BC6-881A5AEF2DFA} = {F02EA1D6-6F40-4AC2-954D-47FCBF2DD968}
		{EDC1A9B2-D0F2-41A7-B2DD-26A5B18A3989} = {F02EA1D6-6F40-4AC2-954D-47FCBF2DD968}
		{82675FC9-A55D-4C33-A6CA-C2240AB71ADD} = {72467B37-96CB-49EA-B0EB-0785E1D09120}
		{DCE3F105-D72A-4D8B-B942-9321B11466D9} = {72467B37-96CB-49EA-B0EB-0785E1D09120}
		{EA99CE5C-25F8-4DBB-A7F8-D6292B681DF2} = {9BD1D30F-0221-4F6C-B2C4-D21DF1E5DBCE}
		{001C5B19-7646-4CD6-81B5-39233D21570B} = {9BD1D30F-0221-4F6C-B2C4-D21DF1E5DBCE}
		{4E3F9017-320D-4AE5-9A1C-27D106E9EE86} = {72CA2254-5971-4BD4-BBC4-70E63F7FAC7F}
		{F954B85F-F2C0-4403-8E8F-6D501CE9B1CB} = {72CA2254-5971-4BD4-BBC4-70E63F7FAC7F}
		{7E51632D-F08E-45DA-BB78-4D4B09CB119A} = {89DD2327-611D-4D7A-A01C-CCCFFA024731}
		{CF141983-1520-45FF-8990-C42B0B01B5F0} = {89DD2327-611D-4D7A-A01C-CCCFFA024731}
		{0021BCBB-1FBF-4233-9F45-A9D141CB2139} = {B856430C-8078-4048-B290-85227DF96357}
		{A43B2299-5C42-479A-8795-2875DCB30C1B} = {B856430C-8078-4048-B290-85227DF96357}
		{0C4B9FDC-2C85-4AF9-BA06-F58A7B01F5A7} = {DE2C974E-0F39-4728-900F-3993CA5A1440}
		{8E520393-871C-4234-AB6B-49B0BBF754C9} = {DE2C974E-0F39-4728-900F-3993CA5A1440}
		{2B4D608B-589D-4C6F-B487-5B2E71EB607E} = {DE2C974E-0F39-4728-900F-3993CA5A1440}
		{D2C1B2FC-5603-468D-805B-56BA27984E6E} = {89DD2327-611D-4D7A-A01C-CCCFFA024731}
	EndGlobalSection
	GlobalSection(ExtensibilityGlobals) = postSolution
		SolutionGuid = {7E3A56C4-442D-40DA-9B5B-5CE3FC150E02}
	EndGlobalSection
EndGlobal
